
Microsoft Visual Studio Solution File, Format Version 12.00
# Visual Studio Version 17
VisualStudioVersion = 17.9.34902.65
MinimumVisualStudioVersion = 10.0.40219.1
Project("{FAE04EC0-301F-11D3-BF4B-00C04F79EFBC}") = "School Management System", "School Management System\School Management System.csproj", "{778572D2-0054-4D72-A252-4EE66BD1EF8F}"
EndProject
Global
	GlobalSection(SolutionConfigurationPlatforms) = preSolution
		Debug|Any CPU = Debug|Any CPU
		Release|Any CPU = Release|Any CPU
	EndGlobalSection
	GlobalSection(ProjectConfigurationPlatforms) = postSolution
		{778572D2-0054-4D72-A252-4EE66BD1EF8F}.Debug|Any CPU.ActiveCfg = Debug|Any CPU
		{778572D2-0054-4D72-A252-4EE66BD1EF8F}.Debug|Any CPU.Build.0 = Debug|Any CPU
		{778572D2-0054-4D72-A252-4EE66BD1EF8F}.Release|Any CPU.ActiveCfg = Release|Any CPU
		{778572D2-0054-4D72-A252-4EE66BD1EF8F}.Release|Any CPU.Build.0 = Release|Any CPU
	EndGlobalSection
	GlobalSection(SolutionProperties) = preSolution
		HideSolutionNode = FALSE
	EndGlobalSection
	GlobalSection(ExtensibilityGlobals) = postSolution
		SolutionGuid = {ADAEC50F-D6A2-49DD-8DBD-4E232A137890}
	EndGlobalSection
EndGlobal
